// !$*UTF8*$!
{
	archiveVersion = 1;
	classes = {
	};
	objectVersion = 56;
	objects = {

/* Begin PBXBuildFile section */
		3C11BA4328F05FE200D2AC94 /* AppDelegate.swift in Sources */ = {isa = PBXBuildFile; fileRef = 3C11BA4228F05FE200D2AC94 /* AppDelegate.swift */; };
		3C11BA4528F05FE200D2AC94 /* SceneDelegate.swift in Sources */ = {isa = PBXBuildFile; fileRef = 3C11BA4428F05FE200D2AC94 /* SceneDelegate.swift */; };
		3C11BA4728F05FE200D2AC94 /* ViewController.swift in Sources */ = {isa = PBXBuildFile; fileRef = 3C11BA4628F05FE200D2AC94 /* ViewController.swift */; };
		3C11BA4D28F05FE200D2AC94 /* E_Sport_News.xcdatamodeld in Sources */ = {isa = PBXBuildFile; fileRef = 3C11BA4B28F05FE200D2AC94 /* E_Sport_News.xcdatamodeld */; };
		3C11BA4F28F05FE300D2AC94 /* Assets.xcassets in Resources */ = {isa = PBXBuildFile; fileRef = 3C11BA4E28F05FE300D2AC94 /* Assets.xcassets */; };
		3C11BA5228F05FE300D2AC94 /* LaunchScreen.storyboard in Resources */ = {isa = PBXBuildFile; fileRef = 3C11BA5028F05FE300D2AC94 /* LaunchScreen.storyboard */; };
		3C2F768C29127D3A00E4DA96 /* NewsFeed.swift in Sources */ = {isa = PBXBuildFile; fileRef = 3C2F768B29127D3A00E4DA96 /* NewsFeed.swift */; };
		3C6DDDF028FEE2C1000D073F /* Main.storyboard in Resources */ = {isa = PBXBuildFile; fileRef = 3C6DDDEF28FEE2C1000D073F /* Main.storyboard */; };
		3C6DDDF628FEE4A7000D073F /* HomeTableViewController.swift in Sources */ = {isa = PBXBuildFile; fileRef = 3C6DDDF528FEE4A7000D073F /* HomeTableViewController.swift */; };
		3C6DDDF828FEE4C4000D073F /* HomeTableViewCell.swift in Sources */ = {isa = PBXBuildFile; fileRef = 3C6DDDF728FEE4C4000D073F /* HomeTableViewCell.swift */; };
/* End PBXBuildFile section */

/* Begin PBXFileReference section */
		3C11BA3F28F05FE200D2AC94 /* E-Sport-News.app */ = {isa = PBXFileReference; explicitFileType = wrapper.application; includeInIndex = 0; path = "E-Sport-News.app"; sourceTree = BUILT_PRODUCTS_DIR; };
		3C11BA4228F05FE200D2AC94 /* AppDelegate.swift */ = {isa = PBXFileReference; lastKnownFileType = sourcecode.swift; path = AppDelegate.swift; sourceTree = "<group>"; };
		3C11BA4428F05FE200D2AC94 /* SceneDelegate.swift */ = {isa = PBXFileReference; lastKnownFileType = sourcecode.swift; path = SceneDelegate.swift; sourceTree = "<group>"; };
		3C11BA4628F05FE200D2AC94 /* ViewController.swift */ = {isa = PBXFileReference; lastKnownFileType = sourcecode.swift; path = ViewController.swift; sourceTree = "<group>"; };
		3C11BA4C28F05FE200D2AC94 /* E_Sport_News.xcdatamodel */ = {isa = PBXFileReference; lastKnownFileType = wrapper.xcdatamodel; path = E_Sport_News.xcdatamodel; sourceTree = "<group>"; };
		3C11BA4E28F05FE300D2AC94 /* Assets.xcassets */ = {isa = PBXFileReference; lastKnownFileType = folder.assetcatalog; path = Assets.xcassets; sourceTree = "<group>"; };
		3C11BA5128F05FE300D2AC94 /* Base */ = {isa = PBXFileReference; lastKnownFileType = file.storyboard; name = Base; path = Base.lproj/LaunchScreen.storyboard; sourceTree = "<group>"; };
		3C11BA5328F05FE300D2AC94 /* Info.plist */ = {isa = PBXFileReference; lastKnownFileType = text.plist.xml; path = Info.plist; sourceTree = "<group>"; };
		3C2F768B29127D3A00E4DA96 /* NewsFeed.swift */ = {isa = PBXFileReference; lastKnownFileType = sourcecode.swift; path = NewsFeed.swift; sourceTree = "<group>"; };
		3C6DDDEF28FEE2C1000D073F /* Main.storyboard */ = {isa = PBXFileReference; fileEncoding = 4; lastKnownFileType = file.storyboard; path = Main.storyboard; sourceTree = "<group>"; };
		3C6DDDF528FEE4A7000D073F /* HomeTableViewController.swift */ = {isa = PBXFileReference; lastKnownFileType = sourcecode.swift; path = HomeTableViewController.swift; sourceTree = "<group>"; };
		3C6DDDF728FEE4C4000D073F /* HomeTableViewCell.swift */ = {isa = PBXFileReference; lastKnownFileType = sourcecode.swift; path = HomeTableViewCell.swift; sourceTree = "<group>"; };
/* End PBXFileReference section */

/* Begin PBXFrameworksBuildPhase section */
		3C11BA3C28F05FE200D2AC94 /* Frameworks */ = {
			isa = PBXFrameworksBuildPhase;
			buildActionMask = 2147483647;
			files = (
			);
			runOnlyForDeploymentPostprocessing = 0;
		};
/* End PBXFrameworksBuildPhase section */

/* Begin PBXGroup section */
		3C11BA3628F05FE200D2AC94 = {
			isa = PBXGroup;
			children = (
				3C11BA4128F05FE200D2AC94 /* E-Sport-News */,
				3C11BA4028F05FE200D2AC94 /* Products */,
			);
			sourceTree = "<group>";
		};
		3C11BA4028F05FE200D2AC94 /* Products */ = {
			isa = PBXGroup;
			children = (
				3C11BA3F28F05FE200D2AC94 /* E-Sport-News.app */,
			);
			name = Products;
			sourceTree = "<group>";
		};
		3C11BA4128F05FE200D2AC94 /* E-Sport-News */ = {
			isa = PBXGroup;
			children = (
				3C6DDDF428FEE45C000D073F /* Search */,
				3C6DDDF328FEE455000D073F /* chat */,
				3C6DDDF228FEE44E000D073F /* youtube */,
				3C6DDDF128FEE43F000D073F /* Home */,
				3C11BA4228F05FE200D2AC94 /* AppDelegate.swift */,
				3C11BA4428F05FE200D2AC94 /* SceneDelegate.swift */,
				3C11BA4628F05FE200D2AC94 /* ViewController.swift */,
				3C6DDDEF28FEE2C1000D073F /* Main.storyboard */,
				3C11BA4E28F05FE300D2AC94 /* Assets.xcassets */,
				3C11BA5028F05FE300D2AC94 /* LaunchScreen.storyboard */,
				3C11BA5328F05FE300D2AC94 /* Info.plist */,
				3C11BA4B28F05FE200D2AC94 /* E_Sport_News.xcdatamodeld */,
			);
			path = "E-Sport-News";
			sourceTree = "<group>";
		};
		3C6DDDF128FEE43F000D073F /* Home */ = {
			isa = PBXGroup;
			children = (
				3C6DDDF528FEE4A7000D073F /* HomeTableViewController.swift */,
				3C6DDDF728FEE4C4000D073F /* HomeTableViewCell.swift */,
				3C2F768B29127D3A00E4DA96 /* NewsFeed.swift */,
			);
			path = Home;
			sourceTree = "<group>";
		};
		3C6DDDF228FEE44E000D073F /* youtube */ = {
			isa = PBXGroup;
			children = (
			);
			path = youtube;
			sourceTree = "<group>";
		};
		3C6DDDF328FEE455000D073F /* chat */ = {
			isa = PBXGroup;
			children = (
			);
			path = chat;
			sourceTree = "<group>";
		};
		3C6DDDF428FEE45C000D073F /* Search */ = {
			isa = PBXGroup;
			children = (
			);
			path = Search;
			sourceTree = "<group>";
		};
/* End PBXGroup section */

/* Begin PBXNativeTarget section */
		3C11BA3E28F05FE200D2AC94 /* E-Sport-News */ = {
			isa = PBXNativeTarget;
			buildConfigurationList = 3C11BA5628F05FE300D2AC94 /* Build configuration list for PBXNativeTarget "E-Sport-News" */;
			buildPhases = (
				3C11BA3B28F05FE200D2AC94 /* Sources */,
				3C11BA3C28F05FE200D2AC94 /* Frameworks */,
				3C11BA3D28F05FE200D2AC94 /* Resources */,
			);
			buildRules = (
			);
			dependencies = (
			);
			name = "E-Sport-News";
			productName = "E-Sport-News";
			productReference = 3C11BA3F28F05FE200D2AC94 /* E-Sport-News.app */;
			productType = "com.apple.product-type.application";
		};
/* End PBXNativeTarget section */

/* Begin PBXProject section */
		3C11BA3728F05FE200D2AC94 /* Project object */ = {
			isa = PBXProject;
			attributes = {
				BuildIndependentTargetsInParallel = 1;
				LastSwiftUpdateCheck = 1400;
				LastUpgradeCheck = 1400;
				TargetAttributes = {
					3C11BA3E28F05FE200D2AC94 = {
						CreatedOnToolsVersion = 14.0;
					};
				};
			};
			buildConfigurationList = 3C11BA3A28F05FE200D2AC94 /* Build configuration list for PBXProject "E-Sport-News" */;
			compatibilityVersion = "Xcode 14.0";
			developmentRegion = en;
			hasScannedForEncodings = 0;
			knownRegions = (
				en,
				Base,
			);
			mainGroup = 3C11BA3628F05FE200D2AC94;
			productRefGroup = 3C11BA4028F05FE200D2AC94 /* Products */;
			projectDirPath = "";
			projectRoot = "";
			targets = (
				3C11BA3E28F05FE200D2AC94 /* E-Sport-News */,
			);
		};
/* End PBXProject section */

/* Begin PBXResourcesBuildPhase section */
		3C11BA3D28F05FE200D2AC94 /* Resources */ = {
			isa = PBXResourcesBuildPhase;
			buildActionMask = 2147483647;
			files = (
				3C6DDDF028FEE2C1000D073F /* Main.storyboard in Resources */,
				3C11BA5228F05FE300D2AC94 /* LaunchScreen.storyboard in Resources */,
				3C11BA4F28F05FE300D2AC94 /* Assets.xcassets in Resources */,
			);
			runOnlyForDeploymentPostprocessing = 0;
		};
/* End PBXResourcesBuildPhase section */

/* Begin PBXSourcesBuildPhase section */
		3C11BA3B28F05FE200D2AC94 /* Sources */ = {
			isa = PBXSourcesBuildPhase;
			buildActionMask = 2147483647;
			files = (
				3C6DDDF828FEE4C4000D073F /* HomeTableViewCell.swift in Sources */,
				3C11BA4728F05FE200D2AC94 /* ViewController.swift in Sources */,
				3C11BA4D28F05FE200D2AC94 /* E_Sport_News.xcdatamodeld in Sources */,
				3C11BA4328F05FE200D2AC94 /* AppDelegate.swift in Sources */,
				3C11BA4528F05FE200D2AC94 /* SceneDelegate.swift in Sources */,
				3C6DDDF628FEE4A7000D073F /* HomeTableViewController.swift in Sources */,
				3C2F768C29127D3A00E4DA96 /* NewsFeed.swift in Sources */,
			);
			runOnlyForDeploymentPostprocessing = 0;
		};
/* End PBXSourcesBuildPhase section */

/* Begin PBXVariantGroup section */
		3C11BA5028F05FE300D2AC94 /* LaunchScreen.storyboard */ = {
			isa = PBXVariantGroup;
			children = (
				3C11BA5128F05FE300D2AC94 /* Base */,
			);
			name = LaunchScreen.storyboard;
			sourceTree = "<group>";
		};
/* End PBXVariantGroup section */

/* Begin XCBuildConfiguration section */
		3C11BA5428F05FE300D2AC94 /* Debug */ = {
			isa = XCBuildConfiguration;
			buildSettings = {
				ALWAYS_SEARCH_USER_PATHS = NO;
				CLANG_ANALYZER_NONNULL = YES;
				CLANG_ANALYZER_NUMBER_OBJECT_CONVERSION = YES_AGGRESSIVE;
				CLANG_CXX_LANGUAGE_STANDARD = "gnu++20";
				CLANG_ENABLE_MODULES = YES;
				CLANG_ENABLE_OBJC_ARC = YES;
				CLANG_ENABLE_OBJC_WEAK = YES;
				CLANG_WARN_BLOCK_CAPTURE_AUTORELEASING = YES;
				CLANG_WARN_BOOL_CONVERSION = YES;
				CLANG_WARN_COMMA = YES;
				CLANG_WARN_CONSTANT_CONVERSION = YES;
				CLANG_WARN_DEPRECATED_OBJC_IMPLEMENTATIONS = YES;
				CLANG_WARN_DIRECT_OBJC_ISA_USAGE = YES_ERROR;
				CLANG_WARN_DOCUMENTATION_COMMENTS = YES;
				CLANG_WARN_EMPTY_BODY = YES;
				CLANG_WARN_ENUM_CONVERSION = YES;
				CLANG_WARN_INFINITE_RECURSION = YES;
				CLANG_WARN_INT_CONVERSION = YES;
				CLANG_WARN_NON_LITERAL_NULL_CONVERSION = YES;
				CLANG_WARN_OBJC_IMPLICIT_RETAIN_SELF = YES;
				CLANG_WARN_OBJC_LITERAL_CONVERSION = YES;
				CLANG_WARN_OBJC_ROOT_CLASS = YES_ERROR;
				CLANG_WARN_QUOTED_INCLUDE_IN_FRAMEWORK_HEADER = YES;
				CLANG_WARN_RANGE_LOOP_ANALYSIS = YES;
				CLANG_WARN_STRICT_PROTOTYPES = YES;
				CLANG_WARN_SUSPICIOUS_MOVE = YES;
				CLANG_WARN_UNGUARDED_AVAILABILITY = YES_AGGRESSIVE;
				CLANG_WARN_UNREACHABLE_CODE = YES;
				CLANG_WARN__DUPLICATE_METHOD_MATCH = YES;
				COPY_PHASE_STRIP = NO;
				DEBUG_INFORMATION_FORMAT = dwarf;
				ENABLE_STRICT_OBJC_MSGSEND = YES;
				ENABLE_TESTABILITY = YES;
				GCC_C_LANGUAGE_STANDARD = gnu11;
				GCC_DYNAMIC_NO_PIC = NO;
				GCC_NO_COMMON_BLOCKS = YES;
				GCC_OPTIMIZATION_LEVEL = 0;
				GCC_PREPROCESSOR_DEFINITIONS = (
					"DEBUG=1",
					"$(inherited)",
				);
				GCC_WARN_64_TO_32_BIT_CONVERSION = YES;
				GCC_WARN_ABOUT_RETURN_TYPE = YES_ERROR;
				GCC_WARN_UNDECLARED_SELECTOR = YES;
				GCC_WARN_UNINITIALIZED_AUTOS = YES_AGGRESSIVE;
				GCC_WARN_UNUSED_FUNCTION = YES;
				GCC_WARN_UNUSED_VARIABLE = YES;
				IPHONEOS_DEPLOYMENT_TARGET = 16.0;
				MTL_ENABLE_DEBUG_INFO = INCLUDE_SOURCE;
				MTL_FAST_MATH = YES;
				ONLY_ACTIVE_ARCH = YES;
				SDKROOT = iphoneos;
				SWIFT_ACTIVE_COMPILATION_CONDITIONS = DEBUG;
				SWIFT_OPTIMIZATION_LEVEL = "-Onone";
			};
			name = Debug;
		};
		3C11BA5528F05FE300D2AC94 /* Release */ = {
			isa = XCBuildConfiguration;
			buildSettings = {
				ALWAYS_SEARCH_USER_PATHS = NO;
				CLANG_ANALYZER_NONNULL = YES;
				CLANG_ANALYZER_NUMBER_OBJECT_CONVERSION = YES_AGGRESSIVE;
				CLANG_CXX_LANGUAGE_STANDARD = "gnu++20";
				CLANG_ENABLE_MODULES = YES;
				CLANG_ENABLE_OBJC_ARC = YES;
				CLANG_ENABLE_OBJC_WEAK = YES;
				CLANG_WARN_BLOCK_CAPTURE_AUTORELEASING = YES;
				CLANG_WARN_BOOL_CONVERSION = YES;
				CLANG_WARN_COMMA = YES;
				CLANG_WARN_CONSTANT_CONVERSION = YES;
				CLANG_WARN_DEPRECATED_OBJC_IMPLEMENTATIONS = YES;
				CLANG_WARN_DIRECT_OBJC_ISA_USAGE = YES_ERROR;
				CLANG_WARN_DOCUMENTATION_COMMENTS = YES;
				CLANG_WARN_EMPTY_BODY = YES;
				CLANG_WARN_ENUM_CONVERSION = YES;
				CLANG_WARN_INFINITE_RECURSION = YES;
				CLANG_WARN_INT_CONVERSION = YES;
				CLANG_WARN_NON_LITERAL_NULL_CONVERSION = YES;
				CLANG_WARN_OBJC_IMPLICIT_RETAIN_SELF = YES;
				CLANG_WARN_OBJC_LITERAL_CONVERSION = YES;
				CLANG_WARN_OBJC_ROOT_CLASS = YES_ERROR;
				CLANG_WARN_QUOTED_INCLUDE_IN_FRAMEWORK_HEADER = YES;
				CLANG_WARN_RANGE_LOOP_ANALYSIS = YES;
				CLANG_WARN_STRICT_PROTOTYPES = YES;
				CLANG_WARN_SUSPICIOUS_MOVE = YES;
				CLANG_WARN_UNGUARDED_AVAILABILITY = YES_AGGRESSIVE;
				CLANG_WARN_UNREACHABLE_CODE = YES;
				CLANG_WARN__DUPLICATE_METHOD_MATCH = YES;
				COPY_PHASE_STRIP = NO;
				DEBUG_INFORMATION_FORMAT = "dwarf-with-dsym";
				ENABLE_NS_ASSERTIONS = NO;
				ENABLE_STRICT_OBJC_MSGSEND = YES;
				GCC_C_LANGUAGE_STANDARD = gnu11;
				GCC_NO_COMMON_BLOCKS = YES;
				GCC_WARN_64_TO_32_BIT_CONVERSION = YES;
				GCC_WARN_ABOUT_RETURN_TYPE = YES_ERROR;
				GCC_WARN_UNDECLARED_SELECTOR = YES;
				GCC_WARN_UNINITIALIZED_AUTOS = YES_AGGRESSIVE;
				GCC_WARN_UNUSED_FUNCTION = YES;
				GCC_WARN_UNUSED_VARIABLE = YES;
				IPHONEOS_DEPLOYMENT_TARGET = 16.0;
				MTL_ENABLE_DEBUG_INFO = NO;
				MTL_FAST_MATH = YES;
				SDKROOT = iphoneos;
				SWIFT_COMPILATION_MODE = wholemodule;
				SWIFT_OPTIMIZATION_LEVEL = "-O";
				VALIDATE_PRODUCT = YES;
			};
			name = Release;
		};
		3C11BA5728F05FE300D2AC94 /* Debug */ = {
			isa = XCBuildConfiguration;
			buildSettings = {
				ASSETCATALOG_COMPILER_APPICON_NAME = AppIcon;
				ASSETCATALOG_COMPILER_GLOBAL_ACCENT_COLOR_NAME = AccentColor;
				CODE_SIGN_STYLE = Automatic;
				CURRENT_PROJECT_VERSION = 1;
				GENERATE_INFOPLIST_FILE = YES;
				INFOPLIST_FILE = "E-Sport-News/Info.plist";
				INFOPLIST_KEY_UIApplicationSupportsIndirectInputEvents = YES;
				INFOPLIST_KEY_UILaunchStoryboardName = LaunchScreen;
				INFOPLIST_KEY_UIMainStoryboardFile = Main;
				INFOPLIST_KEY_UISupportedInterfaceOrientations_iPad = "UIInterfaceOrientationPortrait UIInterfaceOrientationPortraitUpsideDown UIInterfaceOrientationLandscapeLeft UIInterfaceOrientationLandscapeRight";
				INFOPLIST_KEY_UISupportedInterfaceOrientations_iPhone = "UIInterfaceOrientationPortrait UIInterfaceOrientationLandscapeLeft UIInterfaceOrientationLandscapeRight";
				LD_RUNPATH_SEARCH_PATHS = (
					"$(inherited)",
					"@executable_path/Frameworks",
				);
				MARKETING_VERSION = 1.0;
				PRODUCT_BUNDLE_IDENTIFIER = "de.KevinHering.E-Sport-News";
				PRODUCT_NAME = "$(TARGET_NAME)";
				SWIFT_EMIT_LOC_STRINGS = YES;
				SWIFT_VERSION = 5.0;
				TARGETED_DEVICE_FAMILY = "1,2";
			};
			name = Debug;
		};
		3C11BA5828F05FE300D2AC94 /* Release */ = {
			isa = XCBuildConfiguration;
			buildSettings = {
				ASSETCATALOG_COMPILER_APPICON_NAME = AppIcon;
				ASSETCATALOG_COMPILER_GLOBAL_ACCENT_COLOR_NAME = AccentColor;
				CODE_SIGN_STYLE = Automatic;
				CURRENT_PROJECT_VERSION = 1;
				GENERATE_INFOPLIST_FILE = YES;
				INFOPLIST_FILE = "E-Sport-News/Info.plist";
				INFOPLIST_KEY_UIApplicationSupportsIndirectInputEvents = YES;
				INFOPLIST_KEY_UILaunchStoryboardName = LaunchScreen;
				INFOPLIST_KEY_UIMainStoryboardFile = Main;
				INFOPLIST_KEY_UISupportedInterfaceOrientations_iPad = "UIInterfaceOrientationPortrait UIInterfaceOrientationPortraitUpsideDown UIInterfaceOrientationLandscapeLeft UIInterfaceOrientationLandscapeRight";
				INFOPLIST_KEY_UISupportedInterfaceOrientations_iPhone = "UIInterfaceOrientationPortrait UIInterfaceOrientationLandscapeLeft UIInterfaceOrientationLandscapeRight";
				LD_RUNPATH_SEARCH_PATHS = (
					"$(inherited)",
					"@executable_path/Frameworks",
				);
				MARKETING_VERSION = 1.0;
				PRODUCT_BUNDLE_IDENTIFIER = "de.KevinHering.E-Sport-News";
				PRODUCT_NAME = "$(TARGET_NAME)";
				SWIFT_EMIT_LOC_STRINGS = YES;
				SWIFT_VERSION = 5.0;
				TARGETED_DEVICE_FAMILY = "1,2";
			};
			name = Release;
		};
/* End XCBuildConfiguration section */

/* Begin XCConfigurationList section */
		3C11BA3A28F05FE200D2AC94 /* Build configuration list for PBXProject "E-Sport-News" */ = {
			isa = XCConfigurationList;
			buildConfigurations = (
				3C11BA5428F05FE300D2AC94 /* Debug */,
				3C11BA5528F05FE300D2AC94 /* Release */,
			);
			defaultConfigurationIsVisible = 0;
			defaultConfigurationName = Release;
		};
		3C11BA5628F05FE300D2AC94 /* Build configuration list for PBXNativeTarget "E-Sport-News" */ = {
			isa = XCConfigurationList;
			buildConfigurations = (
				3C11BA5728F05FE300D2AC94 /* Debug */,
				3C11BA5828F05FE300D2AC94 /* Release */,
			);
			defaultConfigurationIsVisible = 0;
			defaultConfigurationName = Release;
		};
/* End XCConfigurationList section */

/* Begin XCVersionGroup section */
		3C11BA4B28F05FE200D2AC94 /* E_Sport_News.xcdatamodeld */ = {
			isa = XCVersionGroup;
			children = (
				3C11BA4C28F05FE200D2AC94 /* E_Sport_News.xcdatamodel */,
			);
			currentVersion = 3C11BA4C28F05FE200D2AC94 /* E_Sport_News.xcdatamodel */;
			path = E_Sport_News.xcdatamodeld;
			sourceTree = "<group>";
			versionGroupType = wrapper.xcdatamodel;
		};
/* End XCVersionGroup section */
	};
	rootObject = 3C11BA3728F05FE200D2AC94 /* Project object */;
}
