// !$*UTF8*$!
{
	archiveVersion = 1;
	classes = {
	};
	objectVersion = 56;
	objects = {

/* Begin PBXBuildFile section */
		3501A679BC46B4335E56EB1A /* Pods_E_Sport_News.framework in Frameworks */ = {isa = PBXBuildFile; fileRef = 6803AC0BFCCC6665B29C5C14 /* Pods_E_Sport_News.framework */; };
		3C11BA4328F05FE200D2AC94 /* AppDelegate.swift in Sources */ = {isa = PBXBuildFile; fileRef = 3C11BA4228F05FE200D2AC94 /* AppDelegate.swift */; };
		3C11BA4528F05FE200D2AC94 /* SceneDelegate.swift in Sources */ = {isa = PBXBuildFile; fileRef = 3C11BA4428F05FE200D2AC94 /* SceneDelegate.swift */; };
		3C11BA4728F05FE200D2AC94 /* ViewController.swift in Sources */ = {isa = PBXBuildFile; fileRef = 3C11BA4628F05FE200D2AC94 /* ViewController.swift */; };
		3C11BA4D28F05FE200D2AC94 /* E_Sport_News.xcdatamodeld in Sources */ = {isa = PBXBuildFile; fileRef = 3C11BA4B28F05FE200D2AC94 /* E_Sport_News.xcdatamodeld */; };
		3C11BA4F28F05FE300D2AC94 /* Assets.xcassets in Resources */ = {isa = PBXBuildFile; fileRef = 3C11BA4E28F05FE300D2AC94 /* Assets.xcassets */; };
		3C11BA5228F05FE300D2AC94 /* LaunchScreen.storyboard in Resources */ = {isa = PBXBuildFile; fileRef = 3C11BA5028F05FE300D2AC94 /* LaunchScreen.storyboard */; };
		3C1841FF29153E1600A716EC /* LoginVC.swift in Sources */ = {isa = PBXBuildFile; fileRef = 3C1841FE29153E1600A716EC /* LoginVC.swift */; };
		3C18420129153E2B00A716EC /* SignUpVC.swift in Sources */ = {isa = PBXBuildFile; fileRef = 3C18420029153E2B00A716EC /* SignUpVC.swift */; };
		3C18420329153F4C00A716EC /* GoogleService-Info.plist in Resources */ = {isa = PBXBuildFile; fileRef = 3C18420229153F4C00A716EC /* GoogleService-Info.plist */; };
		3C2F768C29127D3A00E4DA96 /* NewsFeed.swift in Sources */ = {isa = PBXBuildFile; fileRef = 3C2F768B29127D3A00E4DA96 /* NewsFeed.swift */; };
		3C2F768F2914016900E4DA96 /* ApiNews.swift in Sources */ = {isa = PBXBuildFile; fileRef = 3C2F768E2914016900E4DA96 /* ApiNews.swift */; };
		3C6DDDF028FEE2C1000D073F /* Main.storyboard in Resources */ = {isa = PBXBuildFile; fileRef = 3C6DDDEF28FEE2C1000D073F /* Main.storyboard */; };
		3C6DDDF628FEE4A7000D073F /* HomeTableViewController.swift in Sources */ = {isa = PBXBuildFile; fileRef = 3C6DDDF528FEE4A7000D073F /* HomeTableViewController.swift */; };
		3C6DDDF828FEE4C4000D073F /* HomeTableViewCell.swift in Sources */ = {isa = PBXBuildFile; fileRef = 3C6DDDF728FEE4C4000D073F /* HomeTableViewCell.swift */; };
		3CB6448A291D3AFC00DB9B7F /* youtubeFeed.swift in Sources */ = {isa = PBXBuildFile; fileRef = 3CB64489291D3AFC00DB9B7F /* youtubeFeed.swift */; };
		3CB6448C291D3B8D00DB9B7F /* YoutubeTableViewCell.swift in Sources */ = {isa = PBXBuildFile; fileRef = 3CB6448B291D3B8D00DB9B7F /* YoutubeTableViewCell.swift */; };
		3CB6448E291D3BA800DB9B7F /* YoutubeViewController.swift in Sources */ = {isa = PBXBuildFile; fileRef = 3CB6448D291D3BA800DB9B7F /* YoutubeViewController.swift */; };
		3CB64491291D421700DB9B7F /* XCDYouTubeKit in Frameworks */ = {isa = PBXBuildFile; productRef = 3CB64490291D421700DB9B7F /* XCDYouTubeKit */; };
		3CB64493291E891600DB9B7F /* ApiYoutube.swift in Sources */ = {isa = PBXBuildFile; fileRef = 3CB64492291E891600DB9B7F /* ApiYoutube.swift */; };
		3CB64496291E929500DB9B7F /* Keys.swift in Sources */ = {isa = PBXBuildFile; fileRef = 3CB64495291E929500DB9B7F /* Keys.swift */; };
		3CE51F202915623A0038FE65 /* FirebaseAuth in Frameworks */ = {isa = PBXBuildFile; productRef = 3CE51F1F2915623A0038FE65 /* FirebaseAuth */; };
		3CE51F222915623A0038FE65 /* FirebaseDatabaseSwift in Frameworks */ = {isa = PBXBuildFile; productRef = 3CE51F212915623A0038FE65 /* FirebaseDatabaseSwift */; };
		3CE51F242915623A0038FE65 /* FirebaseFirestoreSwift in Frameworks */ = {isa = PBXBuildFile; productRef = 3CE51F232915623A0038FE65 /* FirebaseFirestoreSwift */; };
		3CE51F262915623A0038FE65 /* FirebaseMessaging in Frameworks */ = {isa = PBXBuildFile; productRef = 3CE51F252915623A0038FE65 /* FirebaseMessaging */; };
		3CE51F282915623A0038FE65 /* FirebaseStorage in Frameworks */ = {isa = PBXBuildFile; productRef = 3CE51F272915623A0038FE65 /* FirebaseStorage */; };
/* End PBXBuildFile section */

/* Begin PBXFileReference section */
		0866AD563F7A79E68FC9472B /* Pods-E-Sport-News.debug.xcconfig */ = {isa = PBXFileReference; includeInIndex = 1; lastKnownFileType = text.xcconfig; name = "Pods-E-Sport-News.debug.xcconfig"; path = "Target Support Files/Pods-E-Sport-News/Pods-E-Sport-News.debug.xcconfig"; sourceTree = "<group>"; };
		3C11BA3F28F05FE200D2AC94 /* E-Sport-News.app */ = {isa = PBXFileReference; explicitFileType = wrapper.application; includeInIndex = 0; path = "E-Sport-News.app"; sourceTree = BUILT_PRODUCTS_DIR; };
		3C11BA4228F05FE200D2AC94 /* AppDelegate.swift */ = {isa = PBXFileReference; lastKnownFileType = sourcecode.swift; path = AppDelegate.swift; sourceTree = "<group>"; };
		3C11BA4428F05FE200D2AC94 /* SceneDelegate.swift */ = {isa = PBXFileReference; lastKnownFileType = sourcecode.swift; path = SceneDelegate.swift; sourceTree = "<group>"; };
		3C11BA4628F05FE200D2AC94 /* ViewController.swift */ = {isa = PBXFileReference; lastKnownFileType = sourcecode.swift; path = ViewController.swift; sourceTree = "<group>"; };
		3C11BA4C28F05FE200D2AC94 /* E_Sport_News.xcdatamodel */ = {isa = PBXFileReference; lastKnownFileType = wrapper.xcdatamodel; path = E_Sport_News.xcdatamodel; sourceTree = "<group>"; };
		3C11BA4E28F05FE300D2AC94 /* Assets.xcassets */ = {isa = PBXFileReference; lastKnownFileType = folder.assetcatalog; path = Assets.xcassets; sourceTree = "<group>"; };
		3C11BA5128F05FE300D2AC94 /* Base */ = {isa = PBXFileReference; lastKnownFileType = file.storyboard; name = Base; path = Base.lproj/LaunchScreen.storyboard; sourceTree = "<group>"; };
		3C11BA5328F05FE300D2AC94 /* Info.plist */ = {isa = PBXFileReference; lastKnownFileType = text.plist.xml; path = Info.plist; sourceTree = "<group>"; };
		3C1841FE29153E1600A716EC /* LoginVC.swift */ = {isa = PBXFileReference; lastKnownFileType = sourcecode.swift; path = LoginVC.swift; sourceTree = "<group>"; };
		3C18420029153E2B00A716EC /* SignUpVC.swift */ = {isa = PBXFileReference; lastKnownFileType = sourcecode.swift; path = SignUpVC.swift; sourceTree = "<group>"; };
		3C18420229153F4C00A716EC /* GoogleService-Info.plist */ = {isa = PBXFileReference; fileEncoding = 4; lastKnownFileType = text.plist.xml; path = "GoogleService-Info.plist"; sourceTree = "<group>"; };
		3C2F768B29127D3A00E4DA96 /* NewsFeed.swift */ = {isa = PBXFileReference; lastKnownFileType = sourcecode.swift; path = NewsFeed.swift; sourceTree = "<group>"; };
		3C2F768E2914016900E4DA96 /* ApiNews.swift */ = {isa = PBXFileReference; lastKnownFileType = sourcecode.swift; path = ApiNews.swift; sourceTree = "<group>"; };
		3C6DDDEF28FEE2C1000D073F /* Main.storyboard */ = {isa = PBXFileReference; fileEncoding = 4; lastKnownFileType = file.storyboard; path = Main.storyboard; sourceTree = "<group>"; };
		3C6DDDF528FEE4A7000D073F /* HomeTableViewController.swift */ = {isa = PBXFileReference; lastKnownFileType = sourcecode.swift; path = HomeTableViewController.swift; sourceTree = "<group>"; };
		3C6DDDF728FEE4C4000D073F /* HomeTableViewCell.swift */ = {isa = PBXFileReference; lastKnownFileType = sourcecode.swift; path = HomeTableViewCell.swift; sourceTree = "<group>"; };
		3CB64489291D3AFC00DB9B7F /* youtubeFeed.swift */ = {isa = PBXFileReference; lastKnownFileType = sourcecode.swift; path = youtubeFeed.swift; sourceTree = "<group>"; };
		3CB6448B291D3B8D00DB9B7F /* YoutubeTableViewCell.swift */ = {isa = PBXFileReference; lastKnownFileType = sourcecode.swift; path = YoutubeTableViewCell.swift; sourceTree = "<group>"; };
		3CB6448D291D3BA800DB9B7F /* YoutubeViewController.swift */ = {isa = PBXFileReference; lastKnownFileType = sourcecode.swift; path = YoutubeViewController.swift; sourceTree = "<group>"; };
		3CB64492291E891600DB9B7F /* ApiYoutube.swift */ = {isa = PBXFileReference; lastKnownFileType = sourcecode.swift; path = ApiYoutube.swift; sourceTree = "<group>"; };
		3CB64495291E929500DB9B7F /* Keys.swift */ = {isa = PBXFileReference; lastKnownFileType = sourcecode.swift; path = Keys.swift; sourceTree = "<group>"; };
		6803AC0BFCCC6665B29C5C14 /* Pods_E_Sport_News.framework */ = {isa = PBXFileReference; explicitFileType = wrapper.framework; includeInIndex = 0; path = Pods_E_Sport_News.framework; sourceTree = BUILT_PRODUCTS_DIR; };
		7363CE7A34C6FD557F055874 /* Pods-E-Sport-News.release.xcconfig */ = {isa = PBXFileReference; includeInIndex = 1; lastKnownFileType = text.xcconfig; name = "Pods-E-Sport-News.release.xcconfig"; path = "Target Support Files/Pods-E-Sport-News/Pods-E-Sport-News.release.xcconfig"; sourceTree = "<group>"; };
/* End PBXFileReference section */

/* Begin PBXFrameworksBuildPhase section */
		3C11BA3C28F05FE200D2AC94 /* Frameworks */ = {
			isa = PBXFrameworksBuildPhase;
			buildActionMask = 2147483647;
			files = (
				3CE51F262915623A0038FE65 /* FirebaseMessaging in Frameworks */,
				3CE51F222915623A0038FE65 /* FirebaseDatabaseSwift in Frameworks */,
				3CE51F202915623A0038FE65 /* FirebaseAuth in Frameworks */,
				3CB64491291D421700DB9B7F /* XCDYouTubeKit in Frameworks */,
				3CE51F282915623A0038FE65 /* FirebaseStorage in Frameworks */,
				3CE51F242915623A0038FE65 /* FirebaseFirestoreSwift in Frameworks */,
				3501A679BC46B4335E56EB1A /* Pods_E_Sport_News.framework in Frameworks */,
			);
			runOnlyForDeploymentPostprocessing = 0;
		};
/* End PBXFrameworksBuildPhase section */

/* Begin PBXGroup section */
		3C11BA3628F05FE200D2AC94 = {
			isa = PBXGroup;
			children = (
				3C11BA4128F05FE200D2AC94 /* E-Sport-News */,
				3C11BA4028F05FE200D2AC94 /* Products */,
				3EDFF425C89D6EF8111D7CA8 /* Pods */,
				EBDF6FEEC4517B7FB7A76C58 /* Frameworks */,
			);
			sourceTree = "<group>";
		};
		3C11BA4028F05FE200D2AC94 /* Products */ = {
			isa = PBXGroup;
			children = (
				3C11BA3F28F05FE200D2AC94 /* E-Sport-News.app */,
			);
			name = Products;
			sourceTree = "<group>";
		};
		3C11BA4128F05FE200D2AC94 /* E-Sport-News */ = {
			isa = PBXGroup;
			children = (
				3CB64494291E928000DB9B7F /* Keys */,
				3C2F768D2914014A00E4DA96 /* Api´s */,
				3C1841FD29153DD900A716EC /* FirebaseLogin */,
				3C6DDDF428FEE45C000D073F /* Search */,
				3C6DDDF328FEE455000D073F /* chat */,
				3C6DDDF228FEE44E000D073F /* youtube */,
				3C6DDDF128FEE43F000D073F /* Home */,
				3C11BA4228F05FE200D2AC94 /* AppDelegate.swift */,
				3C11BA4428F05FE200D2AC94 /* SceneDelegate.swift */,
				3C11BA4628F05FE200D2AC94 /* ViewController.swift */,
				3C6DDDEF28FEE2C1000D073F /* Main.storyboard */,
				3C11BA4E28F05FE300D2AC94 /* Assets.xcassets */,
				3C11BA5028F05FE300D2AC94 /* LaunchScreen.storyboard */,
				3C11BA5328F05FE300D2AC94 /* Info.plist */,
				3C18420229153F4C00A716EC /* GoogleService-Info.plist */,
				3C11BA4B28F05FE200D2AC94 /* E_Sport_News.xcdatamodeld */,
			);
			path = "E-Sport-News";
			sourceTree = "<group>";
		};
		3C1841FD29153DD900A716EC /* FirebaseLogin */ = {
			isa = PBXGroup;
			children = (
				3C1841FE29153E1600A716EC /* LoginVC.swift */,
				3C18420029153E2B00A716EC /* SignUpVC.swift */,
			);
			path = FirebaseLogin;
			sourceTree = "<group>";
		};
		3C2F768D2914014A00E4DA96 /* Api´s */ = {
			isa = PBXGroup;
			children = (
				3C2F768E2914016900E4DA96 /* ApiNews.swift */,
				3CB64492291E891600DB9B7F /* ApiYoutube.swift */,
			);
			path = "Api´s";
			sourceTree = "<group>";
		};
		3C6DDDF128FEE43F000D073F /* Home */ = {
			isa = PBXGroup;
			children = (
				3C6DDDF528FEE4A7000D073F /* HomeTableViewController.swift */,
				3C6DDDF728FEE4C4000D073F /* HomeTableViewCell.swift */,
				3C2F768B29127D3A00E4DA96 /* NewsFeed.swift */,
			);
			path = Home;
			sourceTree = "<group>";
		};
		3C6DDDF228FEE44E000D073F /* youtube */ = {
			isa = PBXGroup;
			children = (
				3CB6448D291D3BA800DB9B7F /* YoutubeViewController.swift */,
				3CB6448B291D3B8D00DB9B7F /* YoutubeTableViewCell.swift */,
				3CB64489291D3AFC00DB9B7F /* youtubeFeed.swift */,
			);
			path = youtube;
			sourceTree = "<group>";
		};
		3C6DDDF328FEE455000D073F /* chat */ = {
			isa = PBXGroup;
			children = (
			);
			path = chat;
			sourceTree = "<group>";
		};
		3C6DDDF428FEE45C000D073F /* Search */ = {
			isa = PBXGroup;
			children = (
			);
			path = Search;
			sourceTree = "<group>";
		};
		3CB64494291E928000DB9B7F /* Keys */ = {
			isa = PBXGroup;
			children = (
				3CB64495291E929500DB9B7F /* Keys.swift */,
			);
			path = Keys;
			sourceTree = "<group>";
		};
		3EDFF425C89D6EF8111D7CA8 /* Pods */ = {
			isa = PBXGroup;
			children = (
				0866AD563F7A79E68FC9472B /* Pods-E-Sport-News.debug.xcconfig */,
				7363CE7A34C6FD557F055874 /* Pods-E-Sport-News.release.xcconfig */,
			);
			path = Pods;
			sourceTree = "<group>";
		};
		EBDF6FEEC4517B7FB7A76C58 /* Frameworks */ = {
			isa = PBXGroup;
			children = (
				6803AC0BFCCC6665B29C5C14 /* Pods_E_Sport_News.framework */,
			);
			name = Frameworks;
			sourceTree = "<group>";
		};
/* End PBXGroup section */

/* Begin PBXNativeTarget section */
		3C11BA3E28F05FE200D2AC94 /* E-Sport-News */ = {
			isa = PBXNativeTarget;
			buildConfigurationList = 3C11BA5628F05FE300D2AC94 /* Build configuration list for PBXNativeTarget "E-Sport-News" */;
			buildPhases = (
				563CE1E95101327D9C988FF9 /* [CP] Check Pods Manifest.lock */,
				3C11BA3B28F05FE200D2AC94 /* Sources */,
				3C11BA3C28F05FE200D2AC94 /* Frameworks */,
				3C11BA3D28F05FE200D2AC94 /* Resources */,
			);
			buildRules = (
			);
			dependencies = (
			);
			name = "E-Sport-News";
			packageProductDependencies = (
				3CE51F1F2915623A0038FE65 /* FirebaseAuth */,
				3CE51F212915623A0038FE65 /* FirebaseDatabaseSwift */,
				3CE51F232915623A0038FE65 /* FirebaseFirestoreSwift */,
				3CE51F252915623A0038FE65 /* FirebaseMessaging */,
				3CE51F272915623A0038FE65 /* FirebaseStorage */,
				3CB64490291D421700DB9B7F /* XCDYouTubeKit */,
			);
			productName = "E-Sport-News";
			productReference = 3C11BA3F28F05FE200D2AC94 /* E-Sport-News.app */;
			productType = "com.apple.product-type.application";
		};
/* End PBXNativeTarget section */

/* Begin PBXProject section */
		3C11BA3728F05FE200D2AC94 /* Project object */ = {
			isa = PBXProject;
			attributes = {
				BuildIndependentTargetsInParallel = 1;
				LastSwiftUpdateCheck = 1400;
				LastUpgradeCheck = 1400;
				TargetAttributes = {
					3C11BA3E28F05FE200D2AC94 = {
						CreatedOnToolsVersion = 14.0;
					};
				};
			};
			buildConfigurationList = 3C11BA3A28F05FE200D2AC94 /* Build configuration list for PBXProject "E-Sport-News" */;
			compatibilityVersion = "Xcode 14.0";
			developmentRegion = en;
			hasScannedForEncodings = 0;
			knownRegions = (
				en,
				Base,
			);
			mainGroup = 3C11BA3628F05FE200D2AC94;
			packageReferences = (
				3CE51F1E2915623A0038FE65 /* XCRemoteSwiftPackageReference "firebase-ios-sdk" */,
				3CB6448F291D421700DB9B7F /* XCRemoteSwiftPackageReference "XCDYouTubeKit" */,
			);
			productRefGroup = 3C11BA4028F05FE200D2AC94 /* Products */;
			projectDirPath = "";
			projectRoot = "";
			targets = (
				3C11BA3E28F05FE200D2AC94 /* E-Sport-News */,
			);
		};
/* End PBXProject section */

/* Begin PBXResourcesBuildPhase section */
		3C11BA3D28F05FE200D2AC94 /* Resources */ = {
			isa = PBXResourcesBuildPhase;
			buildActionMask = 2147483647;
			files = (
				3C6DDDF028FEE2C1000D073F /* Main.storyboard in Resources */,
				3C18420329153F4C00A716EC /* GoogleService-Info.plist in Resources */,
				3C11BA5228F05FE300D2AC94 /* LaunchScreen.storyboard in Resources */,
				3C11BA4F28F05FE300D2AC94 /* Assets.xcassets in Resources */,
			);
			runOnlyForDeploymentPostprocessing = 0;
		};
/* End PBXResourcesBuildPhase section */

/* Begin PBXShellScriptBuildPhase section */
		563CE1E95101327D9C988FF9 /* [CP] Check Pods Manifest.lock */ = {
			isa = PBXShellScriptBuildPhase;
			buildActionMask = 2147483647;
			files = (
			);
			inputFileListPaths = (
			);
			inputPaths = (
				"${PODS_PODFILE_DIR_PATH}/Podfile.lock",
				"${PODS_ROOT}/Manifest.lock",
			);
			name = "[CP] Check Pods Manifest.lock";
			outputFileListPaths = (
			);
			outputPaths = (
				"$(DERIVED_FILE_DIR)/Pods-E-Sport-News-checkManifestLockResult.txt",
			);
			runOnlyForDeploymentPostprocessing = 0;
			shellPath = /bin/sh;
			shellScript = "diff \"${PODS_PODFILE_DIR_PATH}/Podfile.lock\" \"${PODS_ROOT}/Manifest.lock\" > /dev/null\nif [ $? != 0 ] ; then\n    # print error to STDERR\n    echo \"error: The sandbox is not in sync with the Podfile.lock. Run 'pod install' or update your CocoaPods installation.\" >&2\n    exit 1\nfi\n# This output is used by Xcode 'outputs' to avoid re-running this script phase.\necho \"SUCCESS\" > \"${SCRIPT_OUTPUT_FILE_0}\"\n";
			showEnvVarsInLog = 0;
		};
/* End PBXShellScriptBuildPhase section */

/* Begin PBXSourcesBuildPhase section */
		3C11BA3B28F05FE200D2AC94 /* Sources */ = {
			isa = PBXSourcesBuildPhase;
			buildActionMask = 2147483647;
			files = (
				3C6DDDF828FEE4C4000D073F /* HomeTableViewCell.swift in Sources */,
				3C11BA4728F05FE200D2AC94 /* ViewController.swift in Sources */,
				3C11BA4D28F05FE200D2AC94 /* E_Sport_News.xcdatamodeld in Sources */,
				3C11BA4328F05FE200D2AC94 /* AppDelegate.swift in Sources */,
				3CB64496291E929500DB9B7F /* Keys.swift in Sources */,
				3C11BA4528F05FE200D2AC94 /* SceneDelegate.swift in Sources */,
				3CB6448E291D3BA800DB9B7F /* YoutubeViewController.swift in Sources */,
				3CB64493291E891600DB9B7F /* ApiYoutube.swift in Sources */,
				3C1841FF29153E1600A716EC /* LoginVC.swift in Sources */,
				3C6DDDF628FEE4A7000D073F /* HomeTableViewController.swift in Sources */,
				3CB6448A291D3AFC00DB9B7F /* youtubeFeed.swift in Sources */,
				3C2F768C29127D3A00E4DA96 /* NewsFeed.swift in Sources */,
				3CB6448C291D3B8D00DB9B7F /* YoutubeTableViewCell.swift in Sources */,
				3C18420129153E2B00A716EC /* SignUpVC.swift in Sources */,
				3C2F768F2914016900E4DA96 /* ApiNews.swift in Sources */,
			);
			runOnlyForDeploymentPostprocessing = 0;
		};
/* End PBXSourcesBuildPhase section */

/* Begin PBXVariantGroup section */
		3C11BA5028F05FE300D2AC94 /* LaunchScreen.storyboard */ = {
			isa = PBXVariantGroup;
			children = (
				3C11BA5128F05FE300D2AC94 /* Base */,
			);
			name = LaunchScreen.storyboard;
			sourceTree = "<group>";
		};
/* End PBXVariantGroup section */

/* Begin XCBuildConfiguration section */
		3C11BA5428F05FE300D2AC94 /* Debug */ = {
			isa = XCBuildConfiguration;
			buildSettings = {
				ALWAYS_SEARCH_USER_PATHS = NO;
				CLANG_ANALYZER_NONNULL = YES;
				CLANG_ANALYZER_NUMBER_OBJECT_CONVERSION = YES_AGGRESSIVE;
				CLANG_CXX_LANGUAGE_STANDARD = "gnu++20";
				CLANG_ENABLE_MODULES = YES;
				CLANG_ENABLE_OBJC_ARC = YES;
				CLANG_ENABLE_OBJC_WEAK = YES;
				CLANG_WARN_BLOCK_CAPTURE_AUTORELEASING = YES;
				CLANG_WARN_BOOL_CONVERSION = YES;
				CLANG_WARN_COMMA = YES;
				CLANG_WARN_CONSTANT_CONVERSION = YES;
				CLANG_WARN_DEPRECATED_OBJC_IMPLEMENTATIONS = YES;
				CLANG_WARN_DIRECT_OBJC_ISA_USAGE = YES_ERROR;
				CLANG_WARN_DOCUMENTATION_COMMENTS = YES;
				CLANG_WARN_EMPTY_BODY = YES;
				CLANG_WARN_ENUM_CONVERSION = YES;
				CLANG_WARN_INFINITE_RECURSION = YES;
				CLANG_WARN_INT_CONVERSION = YES;
				CLANG_WARN_NON_LITERAL_NULL_CONVERSION = YES;
				CLANG_WARN_OBJC_IMPLICIT_RETAIN_SELF = YES;
				CLANG_WARN_OBJC_LITERAL_CONVERSION = YES;
				CLANG_WARN_OBJC_ROOT_CLASS = YES_ERROR;
				CLANG_WARN_QUOTED_INCLUDE_IN_FRAMEWORK_HEADER = YES;
				CLANG_WARN_RANGE_LOOP_ANALYSIS = YES;
				CLANG_WARN_STRICT_PROTOTYPES = YES;
				CLANG_WARN_SUSPICIOUS_MOVE = YES;
				CLANG_WARN_UNGUARDED_AVAILABILITY = YES_AGGRESSIVE;
				CLANG_WARN_UNREACHABLE_CODE = YES;
				CLANG_WARN__DUPLICATE_METHOD_MATCH = YES;
				COPY_PHASE_STRIP = NO;
				DEBUG_INFORMATION_FORMAT = dwarf;
				ENABLE_STRICT_OBJC_MSGSEND = YES;
				ENABLE_TESTABILITY = YES;
				GCC_C_LANGUAGE_STANDARD = gnu11;
				GCC_DYNAMIC_NO_PIC = NO;
				GCC_NO_COMMON_BLOCKS = YES;
				GCC_OPTIMIZATION_LEVEL = 0;
				GCC_PREPROCESSOR_DEFINITIONS = (
					"DEBUG=1",
					"$(inherited)",
				);
				GCC_WARN_64_TO_32_BIT_CONVERSION = YES;
				GCC_WARN_ABOUT_RETURN_TYPE = YES_ERROR;
				GCC_WARN_UNDECLARED_SELECTOR = YES;
				GCC_WARN_UNINITIALIZED_AUTOS = YES_AGGRESSIVE;
				GCC_WARN_UNUSED_FUNCTION = YES;
				GCC_WARN_UNUSED_VARIABLE = YES;
				IPHONEOS_DEPLOYMENT_TARGET = 16.0;
				MTL_ENABLE_DEBUG_INFO = INCLUDE_SOURCE;
				MTL_FAST_MATH = YES;
				ONLY_ACTIVE_ARCH = YES;
				SDKROOT = iphoneos;
				SWIFT_ACTIVE_COMPILATION_CONDITIONS = DEBUG;
				SWIFT_OPTIMIZATION_LEVEL = "-Onone";
			};
			name = Debug;
		};
		3C11BA5528F05FE300D2AC94 /* Release */ = {
			isa = XCBuildConfiguration;
			buildSettings = {
				ALWAYS_SEARCH_USER_PATHS = NO;
				CLANG_ANALYZER_NONNULL = YES;
				CLANG_ANALYZER_NUMBER_OBJECT_CONVERSION = YES_AGGRESSIVE;
				CLANG_CXX_LANGUAGE_STANDARD = "gnu++20";
				CLANG_ENABLE_MODULES = YES;
				CLANG_ENABLE_OBJC_ARC = YES;
				CLANG_ENABLE_OBJC_WEAK = YES;
				CLANG_WARN_BLOCK_CAPTURE_AUTORELEASING = YES;
				CLANG_WARN_BOOL_CONVERSION = YES;
				CLANG_WARN_COMMA = YES;
				CLANG_WARN_CONSTANT_CONVERSION = YES;
				CLANG_WARN_DEPRECATED_OBJC_IMPLEMENTATIONS = YES;
				CLANG_WARN_DIRECT_OBJC_ISA_USAGE = YES_ERROR;
				CLANG_WARN_DOCUMENTATION_COMMENTS = YES;
				CLANG_WARN_EMPTY_BODY = YES;
				CLANG_WARN_ENUM_CONVERSION = YES;
				CLANG_WARN_INFINITE_RECURSION = YES;
				CLANG_WARN_INT_CONVERSION = YES;
				CLANG_WARN_NON_LITERAL_NULL_CONVERSION = YES;
				CLANG_WARN_OBJC_IMPLICIT_RETAIN_SELF = YES;
				CLANG_WARN_OBJC_LITERAL_CONVERSION = YES;
				CLANG_WARN_OBJC_ROOT_CLASS = YES_ERROR;
				CLANG_WARN_QUOTED_INCLUDE_IN_FRAMEWORK_HEADER = YES;
				CLANG_WARN_RANGE_LOOP_ANALYSIS = YES;
				CLANG_WARN_STRICT_PROTOTYPES = YES;
				CLANG_WARN_SUSPICIOUS_MOVE = YES;
				CLANG_WARN_UNGUARDED_AVAILABILITY = YES_AGGRESSIVE;
				CLANG_WARN_UNREACHABLE_CODE = YES;
				CLANG_WARN__DUPLICATE_METHOD_MATCH = YES;
				COPY_PHASE_STRIP = NO;
				DEBUG_INFORMATION_FORMAT = "dwarf-with-dsym";
				ENABLE_NS_ASSERTIONS = NO;
				ENABLE_STRICT_OBJC_MSGSEND = YES;
				GCC_C_LANGUAGE_STANDARD = gnu11;
				GCC_NO_COMMON_BLOCKS = YES;
				GCC_WARN_64_TO_32_BIT_CONVERSION = YES;
				GCC_WARN_ABOUT_RETURN_TYPE = YES_ERROR;
				GCC_WARN_UNDECLARED_SELECTOR = YES;
				GCC_WARN_UNINITIALIZED_AUTOS = YES_AGGRESSIVE;
				GCC_WARN_UNUSED_FUNCTION = YES;
				GCC_WARN_UNUSED_VARIABLE = YES;
				IPHONEOS_DEPLOYMENT_TARGET = 16.0;
				MTL_ENABLE_DEBUG_INFO = NO;
				MTL_FAST_MATH = YES;
				SDKROOT = iphoneos;
				SWIFT_COMPILATION_MODE = wholemodule;
				SWIFT_OPTIMIZATION_LEVEL = "-O";
				VALIDATE_PRODUCT = YES;
			};
			name = Release;
		};
		3C11BA5728F05FE300D2AC94 /* Debug */ = {
			isa = XCBuildConfiguration;
			baseConfigurationReference = 0866AD563F7A79E68FC9472B /* Pods-E-Sport-News.debug.xcconfig */;
			buildSettings = {
				ASSETCATALOG_COMPILER_APPICON_NAME = AppIcon;
				ASSETCATALOG_COMPILER_GLOBAL_ACCENT_COLOR_NAME = AccentColor;
				CODE_SIGN_STYLE = Automatic;
				CURRENT_PROJECT_VERSION = 1;
				GENERATE_INFOPLIST_FILE = YES;
				INFOPLIST_FILE = "E-Sport-News/Info.plist";
				INFOPLIST_KEY_UIApplicationSupportsIndirectInputEvents = YES;
				INFOPLIST_KEY_UILaunchStoryboardName = LaunchScreen;
				INFOPLIST_KEY_UIMainStoryboardFile = Main;
				INFOPLIST_KEY_UISupportedInterfaceOrientations_iPad = "UIInterfaceOrientationPortrait UIInterfaceOrientationPortraitUpsideDown UIInterfaceOrientationLandscapeLeft UIInterfaceOrientationLandscapeRight";
				INFOPLIST_KEY_UISupportedInterfaceOrientations_iPhone = "UIInterfaceOrientationPortrait UIInterfaceOrientationLandscapeLeft UIInterfaceOrientationLandscapeRight";
				LD_RUNPATH_SEARCH_PATHS = (
					"$(inherited)",
					"@executable_path/Frameworks",
				);
				MARKETING_VERSION = 1.0;
				PRODUCT_BUNDLE_IDENTIFIER = "de.KevinHering.E-Sport-News";
				PRODUCT_NAME = "$(TARGET_NAME)";
				SWIFT_EMIT_LOC_STRINGS = YES;
				SWIFT_VERSION = 5.0;
				TARGETED_DEVICE_FAMILY = "1,2";
			};
			name = Debug;
		};
		3C11BA5828F05FE300D2AC94 /* Release */ = {
			isa = XCBuildConfiguration;
			baseConfigurationReference = 7363CE7A34C6FD557F055874 /* Pods-E-Sport-News.release.xcconfig */;
			buildSettings = {
				ASSETCATALOG_COMPILER_APPICON_NAME = AppIcon;
				ASSETCATALOG_COMPILER_GLOBAL_ACCENT_COLOR_NAME = AccentColor;
				CODE_SIGN_STYLE = Automatic;
				CURRENT_PROJECT_VERSION = 1;
				GENERATE_INFOPLIST_FILE = YES;
				INFOPLIST_FILE = "E-Sport-News/Info.plist";
				INFOPLIST_KEY_UIApplicationSupportsIndirectInputEvents = YES;
				INFOPLIST_KEY_UILaunchStoryboardName = LaunchScreen;
				INFOPLIST_KEY_UIMainStoryboardFile = Main;
				INFOPLIST_KEY_UISupportedInterfaceOrientations_iPad = "UIInterfaceOrientationPortrait UIInterfaceOrientationPortraitUpsideDown UIInterfaceOrientationLandscapeLeft UIInterfaceOrientationLandscapeRight";
				INFOPLIST_KEY_UISupportedInterfaceOrientations_iPhone = "UIInterfaceOrientationPortrait UIInterfaceOrientationLandscapeLeft UIInterfaceOrientationLandscapeRight";
				LD_RUNPATH_SEARCH_PATHS = (
					"$(inherited)",
					"@executable_path/Frameworks",
				);
				MARKETING_VERSION = 1.0;
				PRODUCT_BUNDLE_IDENTIFIER = "de.KevinHering.E-Sport-News";
				PRODUCT_NAME = "$(TARGET_NAME)";
				SWIFT_EMIT_LOC_STRINGS = YES;
				SWIFT_VERSION = 5.0;
				TARGETED_DEVICE_FAMILY = "1,2";
			};
			name = Release;
		};
/* End XCBuildConfiguration section */

/* Begin XCConfigurationList section */
		3C11BA3A28F05FE200D2AC94 /* Build configuration list for PBXProject "E-Sport-News" */ = {
			isa = XCConfigurationList;
			buildConfigurations = (
				3C11BA5428F05FE300D2AC94 /* Debug */,
				3C11BA5528F05FE300D2AC94 /* Release */,
			);
			defaultConfigurationIsVisible = 0;
			defaultConfigurationName = Release;
		};
		3C11BA5628F05FE300D2AC94 /* Build configuration list for PBXNativeTarget "E-Sport-News" */ = {
			isa = XCConfigurationList;
			buildConfigurations = (
				3C11BA5728F05FE300D2AC94 /* Debug */,
				3C11BA5828F05FE300D2AC94 /* Release */,
			);
			defaultConfigurationIsVisible = 0;
			defaultConfigurationName = Release;
		};
/* End XCConfigurationList section */

/* Begin XCRemoteSwiftPackageReference section */
		3CB6448F291D421700DB9B7F /* XCRemoteSwiftPackageReference "XCDYouTubeKit" */ = {
			isa = XCRemoteSwiftPackageReference;
			repositoryURL = "https://github.com/0xced/XCDYouTubeKit.git";
			requirement = {
				kind = upToNextMajorVersion;
				minimumVersion = 2.0.0;
			};
		};
		3CE51F1E2915623A0038FE65 /* XCRemoteSwiftPackageReference "firebase-ios-sdk" */ = {
			isa = XCRemoteSwiftPackageReference;
			repositoryURL = "https://github.com/firebase/firebase-ios-sdk";
			requirement = {
				kind = upToNextMajorVersion;
				minimumVersion = 9.0.0;
			};
		};
/* End XCRemoteSwiftPackageReference section */

/* Begin XCSwiftPackageProductDependency section */
		3CB64490291D421700DB9B7F /* XCDYouTubeKit */ = {
			isa = XCSwiftPackageProductDependency;
			package = 3CB6448F291D421700DB9B7F /* XCRemoteSwiftPackageReference "XCDYouTubeKit" */;
			productName = XCDYouTubeKit;
		};
		3CE51F1F2915623A0038FE65 /* FirebaseAuth */ = {
			isa = XCSwiftPackageProductDependency;
			package = 3CE51F1E2915623A0038FE65 /* XCRemoteSwiftPackageReference "firebase-ios-sdk" */;
			productName = FirebaseAuth;
		};
		3CE51F212915623A0038FE65 /* FirebaseDatabaseSwift */ = {
			isa = XCSwiftPackageProductDependency;
			package = 3CE51F1E2915623A0038FE65 /* XCRemoteSwiftPackageReference "firebase-ios-sdk" */;
			productName = FirebaseDatabaseSwift;
		};
		3CE51F232915623A0038FE65 /* FirebaseFirestoreSwift */ = {
			isa = XCSwiftPackageProductDependency;
			package = 3CE51F1E2915623A0038FE65 /* XCRemoteSwiftPackageReference "firebase-ios-sdk" */;
			productName = FirebaseFirestoreSwift;
		};
		3CE51F252915623A0038FE65 /* FirebaseMessaging */ = {
			isa = XCSwiftPackageProductDependency;
			package = 3CE51F1E2915623A0038FE65 /* XCRemoteSwiftPackageReference "firebase-ios-sdk" */;
			productName = FirebaseMessaging;
		};
		3CE51F272915623A0038FE65 /* FirebaseStorage */ = {
			isa = XCSwiftPackageProductDependency;
			package = 3CE51F1E2915623A0038FE65 /* XCRemoteSwiftPackageReference "firebase-ios-sdk" */;
			productName = FirebaseStorage;
		};
/* End XCSwiftPackageProductDependency section */

/* Begin XCVersionGroup section */
		3C11BA4B28F05FE200D2AC94 /* E_Sport_News.xcdatamodeld */ = {
			isa = XCVersionGroup;
			children = (
				3C11BA4C28F05FE200D2AC94 /* E_Sport_News.xcdatamodel */,
			);
			currentVersion = 3C11BA4C28F05FE200D2AC94 /* E_Sport_News.xcdatamodel */;
			path = E_Sport_News.xcdatamodeld;
			sourceTree = "<group>";
			versionGroupType = wrapper.xcdatamodel;
		};
/* End XCVersionGroup section */
	};
	rootObject = 3C11BA3728F05FE200D2AC94 /* Project object */;
}
